
Microsoft Visual Studio Solution File, Format Version 12.00
# Visual Studio Version 17
VisualStudioVersion = 17.8.34511.84
MinimumVisualStudioVersion = 10.0.40219.1
Project("{FAE04EC0-301F-11D3-BF4B-00C04F79EFBC}") = "WPFSwimming", "WPFSwimming\WPFSwimming.csproj", "{9B158BC2-B2B3-4B0C-8176-6AF650E3B1F9}"
EndProject
Global
	GlobalSection(SolutionConfigurationPlatforms) = preSolution
		Debug|Any CPU = Debug|Any CPU
		Release|Any CPU = Release|Any CPU
	EndGlobalSection
	GlobalSection(ProjectConfigurationPlatforms) = postSolution
		{9B158BC2-B2B3-4B0C-8176-6AF650E3B1F9}.Debug|Any CPU.ActiveCfg = Debug|Any CPU
		{9B158BC2-B2B3-4B0C-8176-6AF650E3B1F9}.Debug|Any CPU.Build.0 = Debug|Any CPU
		{9B158BC2-B2B3-4B0C-8176-6AF650E3B1F9}.Release|Any CPU.ActiveCfg = Release|Any CPU
		{9B158BC2-B2B3-4B0C-8176-6AF650E3B1F9}.Release|Any CPU.Build.0 = Release|Any CPU
	EndGlobalSection
	GlobalSection(SolutionProperties) = preSolution
		HideSolutionNode = FALSE
	EndGlobalSection
	GlobalSection(ExtensibilityGlobals) = postSolution
		SolutionGuid = {43FECA5C-C708-4631-BBF3-9DA7AF6B739C}
	EndGlobalSection
EndGlobal
